<?xml version="1.0" encoding="UTF-8" standalone="yes" ?>
<CodeBlocks_project_file>
	<FileVersion major="1" minor="6" />
	<Project>
		<Option title="SpaceKill" />
		<Option pch_mode="2" />
		<Option compiler="gcc" />
		<Build>
			<Target title="Debug">
				<Option output="bin\Debug\SpaceKill" prefix_auto="1" extension_auto="1" />
				<Option object_output="obj\Debug\" />
				<Option type="1" />
				<Option compiler="gcc" />
				<Compiler>
					<Add option="-pedantic-errors" />
					<Add option="-pedantic" />
					<Add option="-std=c++0x" />
					<Add option="-Wall" />
					<Add option="-g" />
					<Add option="-DSFML_DYNAMIC" />
				</Compiler>
				<Linker>
					<Add option="-lsfml-graphics" />
					<Add option="-lsfml-window" />
					<Add option="-lsfml-system" />
				</Linker>
			</Target>
			<Target title="Release">
				<Option output="bin\Release\SpaceKill" prefix_auto="1" extension_auto="1" />
				<Option object_output="obj\Release\" />
				<Option type="1" />
				<Option compiler="gcc" />
				<Compiler>
					<Add option="-O2" />
				</Compiler>
				<Linker>
					<Add option="-s" />
					<Add option="-lsfml-graphics -lsfml-window -lsfml-system" />
				</Linker>
			</Target>
		</Build>
		<Compiler>
			<Add option="-Wall" />
			<Add option="-fexceptions" />
		</Compiler>
		<Unit filename="Enemy.cpp" />
		<Unit filename="Enemy.hpp" />
		<Unit filename="Entities.hpp" />
		<Unit filename="Game_Model.cpp" />
		<Unit filename="Game_Model.hpp" />
		<Unit filename="Game_View.cpp" />
		<Unit filename="Game_View.hpp" />
		<Unit filename="Player.cpp" />
		<Unit filename="Player.hpp" />
		<Unit filename="Ship.cpp" />
		<Unit filename="Ship.hpp" />
		<Unit filename="Shot.cpp" />
		<Unit filename="Shot.hpp" />
		<Unit filename="main.cpp" />
		<Extensions>
			<code_completion />
			<debugger />
		</Extensions>
	</Project>
</CodeBlocks_project_file>
